
Microsoft Visual Studio Solution File, Format Version 12.00
# Visual Studio Version 17
VisualStudioVersion = 17.0.31903.59
MinimumVisualStudioVersion = 10.0.40219.1
Project("{FAE04EC0-301F-11D3-BF4B-00C04F79EFBC}") = "DZ15", "DZ15.csproj", "{9E19C808-7D28-42F3-8551-6F424CE5B546}"
EndProject
Global
	GlobalSection(SolutionConfigurationPlatforms) = preSolution
		Debug|Any CPU = Debug|Any CPU
		Release|Any CPU = Release|Any CPU
	EndGlobalSection
	GlobalSection(ProjectConfigurationPlatforms) = postSolution
		{9E19C808-7D28-42F3-8551-6F424CE5B546}.Debug|Any CPU.ActiveCfg = Debug|Any CPU
		{9E19C808-7D28-42F3-8551-6F424CE5B546}.Debug|Any CPU.Build.0 = Debug|Any CPU
		{9E19C808-7D28-42F3-8551-6F424CE5B546}.Release|Any CPU.ActiveCfg = Release|Any CPU
		{9E19C808-7D28-42F3-8551-6F424CE5B546}.Release|Any CPU.Build.0 = Release|Any CPU
	EndGlobalSection
	GlobalSection(SolutionProperties) = preSolution
		HideSolutionNode = FALSE
	EndGlobalSection
	GlobalSection(ExtensibilityGlobals) = postSolution
		SolutionGuid = {39563821-A10D-4D4B-A654-7A043FF73498}
	EndGlobalSection
EndGlobal
